
Microsoft Visual Studio Solution File, Format Version 12.00
# Visual Studio Version 16
VisualStudioVersion = 16.0.30717.126
MinimumVisualStudioVersion = 10.0.40219.1
Project("{FAE04EC0-301F-11D3-BF4B-00C04F79EFBC}") = "GUI", "GUI\GUI.csproj", "{A4F343BA-5568-4165-92BD-6B97396E3D75}"
EndProject
Project("{FAE04EC0-301F-11D3-BF4B-00C04F79EFBC}") = "DTO", "DTO\DTO.csproj", "{E53B019E-28A1-43C8-9C3A-6A8BF92A8C0C}"
EndProject
Project("{FAE04EC0-301F-11D3-BF4B-00C04F79EFBC}") = "DAL", "DAL\DAL.csproj", "{D260C08E-4206-4A93-B8D8-3B31F85D73CD}"
EndProject
Project("{FAE04EC0-301F-11D3-BF4B-00C04F79EFBC}") = "BUS", "BUS\BUS.csproj", "{3404939F-FBAC-4C0A-BE97-729B730FF1B3}"
EndProject
Global
	GlobalSection(SolutionConfigurationPlatforms) = preSolution
		Debug|Any CPU = Debug|Any CPU
		Release|Any CPU = Release|Any CPU
	EndGlobalSection
	GlobalSection(ProjectConfigurationPlatforms) = postSolution
		{A4F343BA-5568-4165-92BD-6B97396E3D75}.Debug|Any CPU.ActiveCfg = Debug|Any CPU
		{A4F343BA-5568-4165-92BD-6B97396E3D75}.Debug|Any CPU.Build.0 = Debug|Any CPU
		{A4F343BA-5568-4165-92BD-6B97396E3D75}.Release|Any CPU.ActiveCfg = Release|Any CPU
		{A4F343BA-5568-4165-92BD-6B97396E3D75}.Release|Any CPU.Build.0 = Release|Any CPU
		{E53B019E-28A1-43C8-9C3A-6A8BF92A8C0C}.Debug|Any CPU.ActiveCfg = Debug|Any CPU
		{E53B019E-28A1-43C8-9C3A-6A8BF92A8C0C}.Debug|Any CPU.Build.0 = Debug|Any CPU
		{E53B019E-28A1-43C8-9C3A-6A8BF92A8C0C}.Release|Any CPU.ActiveCfg = Release|Any CPU
		{E53B019E-28A1-43C8-9C3A-6A8BF92A8C0C}.Release|Any CPU.Build.0 = Release|Any CPU
		{D260C08E-4206-4A93-B8D8-3B31F85D73CD}.Debug|Any CPU.ActiveCfg = Debug|Any CPU
		{D260C08E-4206-4A93-B8D8-3B31F85D73CD}.Debug|Any CPU.Build.0 = Debug|Any CPU
		{D260C08E-4206-4A93-B8D8-3B31F85D73CD}.Release|Any CPU.ActiveCfg = Release|Any CPU
		{D260C08E-4206-4A93-B8D8-3B31F85D73CD}.Release|Any CPU.Build.0 = Release|Any CPU
		{3404939F-FBAC-4C0A-BE97-729B730FF1B3}.Debug|Any CPU.ActiveCfg = Debug|Any CPU
		{3404939F-FBAC-4C0A-BE97-729B730FF1B3}.Debug|Any CPU.Build.0 = Debug|Any CPU
		{3404939F-FBAC-4C0A-BE97-729B730FF1B3}.Release|Any CPU.ActiveCfg = Release|Any CPU
		{3404939F-FBAC-4C0A-BE97-729B730FF1B3}.Release|Any CPU.Build.0 = Release|Any CPU
	EndGlobalSection
	GlobalSection(SolutionProperties) = preSolution
		HideSolutionNode = FALSE
	EndGlobalSection
	GlobalSection(ExtensibilityGlobals) = postSolution
		SolutionGuid = {DE0CEA02-5305-468C-A854-6D45C133C23F}
	EndGlobalSection
EndGlobal
